
Microsoft Visual Studio Solution File, Format Version 12.00
# Visual Studio Version 16
VisualStudioVersion = 16.0.30011.22
MinimumVisualStudioVersion = 10.0.40219.1
Project("{FAE04EC0-301F-11D3-BF4B-00C04F79EFBC}") = "ToyProject.API", "ToyProject.API\ToyProject.API.csproj", "{161FB415-6DB5-492B-90F2-6F8460DDD4C6}"
EndProject
Project("{FAE04EC0-301F-11D3-BF4B-00C04F79EFBC}") = "Entity", "Entity\Entity.csproj", "{BFC38FE1-FDFF-43BA-BB6C-8AC87292FCAD}"
EndProject
Project("{FAE04EC0-301F-11D3-BF4B-00C04F79EFBC}") = "DataAccess", "DataAccess\DataAccess.csproj", "{6A1E5557-6E4F-46C1-8D16-849D8FF03E6C}"
EndProject
Project("{FAE04EC0-301F-11D3-BF4B-00C04F79EFBC}") = "Business", "Business\Business.csproj", "{1DF5195A-6CFA-47F7-8A5C-DFEF18F4E9AA}"
EndProject
Project("{FAE04EC0-301F-11D3-BF4B-00C04F79EFBC}") = "Core", "Core\Core.csproj", "{6E2714CD-FAC7-4035-B399-338684AFFB96}"
EndProject
Global
	GlobalSection(SolutionConfigurationPlatforms) = preSolution
		Debug|Any CPU = Debug|Any CPU
		Release|Any CPU = Release|Any CPU
	EndGlobalSection
	GlobalSection(ProjectConfigurationPlatforms) = postSolution
		{161FB415-6DB5-492B-90F2-6F8460DDD4C6}.Debug|Any CPU.ActiveCfg = Debug|Any CPU
		{161FB415-6DB5-492B-90F2-6F8460DDD4C6}.Debug|Any CPU.Build.0 = Debug|Any CPU
		{161FB415-6DB5-492B-90F2-6F8460DDD4C6}.Release|Any CPU.ActiveCfg = Release|Any CPU
		{161FB415-6DB5-492B-90F2-6F8460DDD4C6}.Release|Any CPU.Build.0 = Release|Any CPU
		{BFC38FE1-FDFF-43BA-BB6C-8AC87292FCAD}.Debug|Any CPU.ActiveCfg = Debug|Any CPU
		{BFC38FE1-FDFF-43BA-BB6C-8AC87292FCAD}.Debug|Any CPU.Build.0 = Debug|Any CPU
		{BFC38FE1-FDFF-43BA-BB6C-8AC87292FCAD}.Release|Any CPU.ActiveCfg = Release|Any CPU
		{BFC38FE1-FDFF-43BA-BB6C-8AC87292FCAD}.Release|Any CPU.Build.0 = Release|Any CPU
		{6A1E5557-6E4F-46C1-8D16-849D8FF03E6C}.Debug|Any CPU.ActiveCfg = Debug|Any CPU
		{6A1E5557-6E4F-46C1-8D16-849D8FF03E6C}.Debug|Any CPU.Build.0 = Debug|Any CPU
		{6A1E5557-6E4F-46C1-8D16-849D8FF03E6C}.Release|Any CPU.ActiveCfg = Release|Any CPU
		{6A1E5557-6E4F-46C1-8D16-849D8FF03E6C}.Release|Any CPU.Build.0 = Release|Any CPU
		{1DF5195A-6CFA-47F7-8A5C-DFEF18F4E9AA}.Debug|Any CPU.ActiveCfg = Debug|Any CPU
		{1DF5195A-6CFA-47F7-8A5C-DFEF18F4E9AA}.Debug|Any CPU.Build.0 = Debug|Any CPU
		{1DF5195A-6CFA-47F7-8A5C-DFEF18F4E9AA}.Release|Any CPU.ActiveCfg = Release|Any CPU
		{1DF5195A-6CFA-47F7-8A5C-DFEF18F4E9AA}.Release|Any CPU.Build.0 = Release|Any CPU
		{6E2714CD-FAC7-4035-B399-338684AFFB96}.Debug|Any CPU.ActiveCfg = Debug|Any CPU
		{6E2714CD-FAC7-4035-B399-338684AFFB96}.Debug|Any CPU.Build.0 = Debug|Any CPU
		{6E2714CD-FAC7-4035-B399-338684AFFB96}.Release|Any CPU.ActiveCfg = Release|Any CPU
		{6E2714CD-FAC7-4035-B399-338684AFFB96}.Release|Any CPU.Build.0 = Release|Any CPU
	EndGlobalSection
	GlobalSection(SolutionProperties) = preSolution
		HideSolutionNode = FALSE
	EndGlobalSection
	GlobalSection(ExtensibilityGlobals) = postSolution
		SolutionGuid = {3FD42BC7-C95F-48FD-9AAD-87C88090A628}
	EndGlobalSection
EndGlobal
